
Microsoft Visual Studio Solution File, Format Version 12.00
# Visual Studio Version 16
VisualStudioVersion = 16.0.31424.327
MinimumVisualStudioVersion = 10.0.40219.1
Project("{2150E333-8FDC-42A3-9474-1A3956D46DE8}") = "src", "src", "{3D9A4064-4EF5-4AB2-8AAC-CD0812D95E1B}"
EndProject
Project("{FAE04EC0-301F-11D3-BF4B-00C04F79EFBC}") = "SafeHouseAMS.WasmApp", "src\SafeHouseAMS.WasmApp\SafeHouseAMS.WasmApp.csproj", "{B3126762-9A6C-4500-9BBD-1D00F83763D8}"
EndProject
Project("{FAE04EC0-301F-11D3-BF4B-00C04F79EFBC}") = "SafeHouseAMS.BizLayer", "src\SafeHouseAMS.BizLayer\SafeHouseAMS.BizLayer.csproj", "{49C973B1-5976-41E8-A35B-9122267CA30C}"
EndProject
Project("{2150E333-8FDC-42A3-9474-1A3956D46DE8}") = "tests", "tests", "{CB1FC8EB-EA6B-4514-A870-2D7D99E4C0E5}"
EndProject
Project("{FAE04EC0-301F-11D3-BF4B-00C04F79EFBC}") = "SafeHouseAMS.DataLayer", "src\SafeHouseAMS.DataLayer\SafeHouseAMS.DataLayer.csproj", "{B4A867D5-C24C-4551-B669-B10CED1BB89A}"
EndProject
Project("{FAE04EC0-301F-11D3-BF4B-00C04F79EFBC}") = "SafeHouseAMS.Test", "tests\SafeHouseAMS.Test\SafeHouseAMS.Test.csproj", "{0D02E5A0-FBAA-469D-A557-CC88018E7534}"
EndProject
Project("{FAE04EC0-301F-11D3-BF4B-00C04F79EFBC}") = "SafeHouseAMS.Backend.Server", "src\SafeHouseAMS.Backend.Server\SafeHouseAMS.Backend.Server.csproj", "{5FAF0013-2D3C-4697-BC11-B2DD82579040}"
EndProject
Project("{2150E333-8FDC-42A3-9474-1A3956D46DE8}") = "proto", "proto", "{AF624D47-0E22-4391-99D8-9F44A8083930}"
EndProject
Project("{2150E333-8FDC-42A3-9474-1A3956D46DE8}") = "Models", "Models", "{DD5F0B0D-5F68-46FF-957A-3BE423452476}"
EndProject
Project("{2150E333-8FDC-42A3-9474-1A3956D46DE8}") = "Services", "Services", "{D12696C8-B223-42E4-9DA8-60D4843A7BBD}"
ProjectSection(SolutionItems) = preProject
	src\proto\Services\SurvivorCatalogue.proto = src\proto\Services\SurvivorCatalogue.proto
EndProjectSection
EndProject
Project("{2150E333-8FDC-42A3-9474-1A3956D46DE8}") = "Common", "Common", "{2F6E61A2-C947-43CF-9448-E03037B8388D}"
ProjectSection(SolutionItems) = preProject
	src\proto\Models\Common\UUID.proto = src\proto\Models\Common\UUID.proto
EndProjectSection
EndProject
Project("{2150E333-8FDC-42A3-9474-1A3956D46DE8}") = "Survivors", "Survivors", "{A2EE76D1-6C87-4362-91A6-FB10DE2BF480}"
ProjectSection(SolutionItems) = preProject
	src\proto\Models\Survivors\CreateSurvivorCommand.proto = src\proto\Models\Survivors\CreateSurvivorCommand.proto
	src\proto\Models\Survivors\Survivor.proto = src\proto\Models\Survivors\Survivor.proto
EndProjectSection
EndProject
Global
	GlobalSection(SolutionConfigurationPlatforms) = preSolution
		Debug|Any CPU = Debug|Any CPU
		Release|Any CPU = Release|Any CPU
	EndGlobalSection
	GlobalSection(ProjectConfigurationPlatforms) = postSolution
		{B3126762-9A6C-4500-9BBD-1D00F83763D8}.Debug|Any CPU.ActiveCfg = Debug|Any CPU
		{B3126762-9A6C-4500-9BBD-1D00F83763D8}.Debug|Any CPU.Build.0 = Debug|Any CPU
		{B3126762-9A6C-4500-9BBD-1D00F83763D8}.Release|Any CPU.ActiveCfg = Release|Any CPU
		{B3126762-9A6C-4500-9BBD-1D00F83763D8}.Release|Any CPU.Build.0 = Release|Any CPU
		{49C973B1-5976-41E8-A35B-9122267CA30C}.Debug|Any CPU.ActiveCfg = Debug|Any CPU
		{49C973B1-5976-41E8-A35B-9122267CA30C}.Debug|Any CPU.Build.0 = Debug|Any CPU
		{49C973B1-5976-41E8-A35B-9122267CA30C}.Release|Any CPU.ActiveCfg = Release|Any CPU
		{49C973B1-5976-41E8-A35B-9122267CA30C}.Release|Any CPU.Build.0 = Release|Any CPU
		{B4A867D5-C24C-4551-B669-B10CED1BB89A}.Debug|Any CPU.ActiveCfg = Debug|Any CPU
		{B4A867D5-C24C-4551-B669-B10CED1BB89A}.Debug|Any CPU.Build.0 = Debug|Any CPU
		{B4A867D5-C24C-4551-B669-B10CED1BB89A}.Release|Any CPU.ActiveCfg = Release|Any CPU
		{B4A867D5-C24C-4551-B669-B10CED1BB89A}.Release|Any CPU.Build.0 = Release|Any CPU
		{0D02E5A0-FBAA-469D-A557-CC88018E7534}.Debug|Any CPU.ActiveCfg = Debug|Any CPU
		{0D02E5A0-FBAA-469D-A557-CC88018E7534}.Debug|Any CPU.Build.0 = Debug|Any CPU
		{0D02E5A0-FBAA-469D-A557-CC88018E7534}.Release|Any CPU.ActiveCfg = Release|Any CPU
		{0D02E5A0-FBAA-469D-A557-CC88018E7534}.Release|Any CPU.Build.0 = Release|Any CPU
		{5FAF0013-2D3C-4697-BC11-B2DD82579040}.Debug|Any CPU.ActiveCfg = Debug|Any CPU
		{5FAF0013-2D3C-4697-BC11-B2DD82579040}.Debug|Any CPU.Build.0 = Debug|Any CPU
		{5FAF0013-2D3C-4697-BC11-B2DD82579040}.Release|Any CPU.ActiveCfg = Release|Any CPU
		{5FAF0013-2D3C-4697-BC11-B2DD82579040}.Release|Any CPU.Build.0 = Release|Any CPU
	EndGlobalSection
	GlobalSection(SolutionProperties) = preSolution
		HideSolutionNode = FALSE
	EndGlobalSection
	GlobalSection(ExtensibilityGlobals) = postSolution
		SolutionGuid = {EEFDC5D9-DAB3-4BF6-8D8E-994AD23B4555}
	EndGlobalSection
	GlobalSection(NestedProjects) = preSolution
		{B3126762-9A6C-4500-9BBD-1D00F83763D8} = {3D9A4064-4EF5-4AB2-8AAC-CD0812D95E1B}
		{49C973B1-5976-41E8-A35B-9122267CA30C} = {3D9A4064-4EF5-4AB2-8AAC-CD0812D95E1B}
		{B4A867D5-C24C-4551-B669-B10CED1BB89A} = {3D9A4064-4EF5-4AB2-8AAC-CD0812D95E1B}
		{0D02E5A0-FBAA-469D-A557-CC88018E7534} = {CB1FC8EB-EA6B-4514-A870-2D7D99E4C0E5}
		{5FAF0013-2D3C-4697-BC11-B2DD82579040} = {3D9A4064-4EF5-4AB2-8AAC-CD0812D95E1B}
		{AF624D47-0E22-4391-99D8-9F44A8083930} = {3D9A4064-4EF5-4AB2-8AAC-CD0812D95E1B}
		{DD5F0B0D-5F68-46FF-957A-3BE423452476} = {AF624D47-0E22-4391-99D8-9F44A8083930}
		{D12696C8-B223-42E4-9DA8-60D4843A7BBD} = {AF624D47-0E22-4391-99D8-9F44A8083930}
		{2F6E61A2-C947-43CF-9448-E03037B8388D} = {DD5F0B0D-5F68-46FF-957A-3BE423452476}
		{A2EE76D1-6C87-4362-91A6-FB10DE2BF480} = {DD5F0B0D-5F68-46FF-957A-3BE423452476}
	EndGlobalSection
EndGlobal
